{
  "requires": true,
  "lockfileVersion": 1,
  "dependencies": {
    "@cloudflare/kv-asset-handler": {
      "version": "0.1.3",
      "resolved": "https://registry.npmjs.org/@cloudflare/kv-asset-handler/-/kv-asset-handler-0.1.3.tgz",
      "integrity": "sha512-FNcunDuTmEfQTLRLtA6zz+buIXUHj1soPvSWzzQFBC+n2lsy+CGf/NIrR3SEPCmsVNQj70/Jx2lViCpq+09YpQ==",
      "requires": {
        "mime": "^2.5.2"
      }
    },
    "mime": {
      "version": "2.6.0",
      "resolved": "https://registry.npmjs.org/mime/-/mime-2.6.0.tgz",
      "integrity": "sha512-USPkMeET31rOMiarsBNIHZKLGgvKc/LrjofAnBlOttf5ajRvqiRA8QsenbcooctK6d6Ts6aqZXBA+XbkKthiQg=="
    },
    "yarn": {
      "version": "1.22.17",
      "resolved": "https://registry.npmjs.org/yarn/-/yarn-1.22.17.tgz",
      "integrity": "sha512-H0p241BXaH0UN9IeH//RT82tl5PfNraVpSpEoW+ET7lmopNC61eZ+A+IDvU8FM6Go5vx162SncDL8J1ZjRBriQ=="
    }
  }
}
